
Microsoft Visual Studio Solution File, Format Version 12.00
# Visual Studio Version 17
VisualStudioVersion = 17.9.34728.123
MinimumVisualStudioVersion = 10.0.40219.1
Project("{FAE04EC0-301F-11D3-BF4B-00C04F79EFBC}") = "FunctionAppExample", "FunctionAppExample\FunctionAppExample.csproj", "{5215AE33-2768-4D07-B9B2-C9F6E163B986}"
EndProject
Global
	GlobalSection(SolutionConfigurationPlatforms) = preSolution
		Debug|Any CPU = Debug|Any CPU
		Release|Any CPU = Release|Any CPU
	EndGlobalSection
	GlobalSection(ProjectConfigurationPlatforms) = postSolution
		{5215AE33-2768-4D07-B9B2-C9F6E163B986}.Debug|Any CPU.ActiveCfg = Debug|Any CPU
		{5215AE33-2768-4D07-B9B2-C9F6E163B986}.Debug|Any CPU.Build.0 = Debug|Any CPU
		{5215AE33-2768-4D07-B9B2-C9F6E163B986}.Release|Any CPU.ActiveCfg = Release|Any CPU
		{5215AE33-2768-4D07-B9B2-C9F6E163B986}.Release|Any CPU.Build.0 = Release|Any CPU
	EndGlobalSection
	GlobalSection(SolutionProperties) = preSolution
		HideSolutionNode = FALSE
	EndGlobalSection
	GlobalSection(ExtensibilityGlobals) = postSolution
		SolutionGuid = {A1EFC1A6-0610-4C2F-947C-5742FC139582}
	EndGlobalSection
EndGlobal
